
Microsoft Visual Studio Solution File, Format Version 12.00
# Visual Studio Version 16
VisualStudioVersion = 16.0.30413.136
MinimumVisualStudioVersion = 10.0.40219.1
Project("{9A19103F-16F7-4668-BE54-9A1E7A4F7556}") = "Advent2020", "Advent2020\Advent2020.csproj", "{44C9009D-FB94-429E-BF85-A57B6FCAB921}"
EndProject
Project("{9A19103F-16F7-4668-BE54-9A1E7A4F7556}") = "Day1", "Day1\Day1.csproj", "{7EEF797B-6E74-407B-91DC-5FE2D392B5D0}"
EndProject
Project("{9A19103F-16F7-4668-BE54-9A1E7A4F7556}") = "Day2", "Day2\Day2.csproj", "{A60B6850-D37C-4BF1-98AE-4450C5D10A8B}"
EndProject
Project("{FAE04EC0-301F-11D3-BF4B-00C04F79EFBC}") = "Day3", "Day3\Day3.csproj", "{1E524F5C-BE2E-4BAB-BFB1-294247914CD8}"
EndProject
Global
	GlobalSection(SolutionConfigurationPlatforms) = preSolution
		Debug|Any CPU = Debug|Any CPU
		Release|Any CPU = Release|Any CPU
	EndGlobalSection
	GlobalSection(ProjectConfigurationPlatforms) = postSolution
		{44C9009D-FB94-429E-BF85-A57B6FCAB921}.Debug|Any CPU.ActiveCfg = Debug|Any CPU
		{44C9009D-FB94-429E-BF85-A57B6FCAB921}.Debug|Any CPU.Build.0 = Debug|Any CPU
		{44C9009D-FB94-429E-BF85-A57B6FCAB921}.Release|Any CPU.ActiveCfg = Release|Any CPU
		{44C9009D-FB94-429E-BF85-A57B6FCAB921}.Release|Any CPU.Build.0 = Release|Any CPU
		{7EEF797B-6E74-407B-91DC-5FE2D392B5D0}.Debug|Any CPU.ActiveCfg = Debug|Any CPU
		{7EEF797B-6E74-407B-91DC-5FE2D392B5D0}.Debug|Any CPU.Build.0 = Debug|Any CPU
		{7EEF797B-6E74-407B-91DC-5FE2D392B5D0}.Release|Any CPU.ActiveCfg = Release|Any CPU
		{7EEF797B-6E74-407B-91DC-5FE2D392B5D0}.Release|Any CPU.Build.0 = Release|Any CPU
		{A60B6850-D37C-4BF1-98AE-4450C5D10A8B}.Debug|Any CPU.ActiveCfg = Debug|Any CPU
		{A60B6850-D37C-4BF1-98AE-4450C5D10A8B}.Debug|Any CPU.Build.0 = Debug|Any CPU
		{A60B6850-D37C-4BF1-98AE-4450C5D10A8B}.Release|Any CPU.ActiveCfg = Release|Any CPU
		{A60B6850-D37C-4BF1-98AE-4450C5D10A8B}.Release|Any CPU.Build.0 = Release|Any CPU
		{1E524F5C-BE2E-4BAB-BFB1-294247914CD8}.Debug|Any CPU.ActiveCfg = Debug|Any CPU
		{1E524F5C-BE2E-4BAB-BFB1-294247914CD8}.Debug|Any CPU.Build.0 = Debug|Any CPU
		{1E524F5C-BE2E-4BAB-BFB1-294247914CD8}.Release|Any CPU.ActiveCfg = Release|Any CPU
		{1E524F5C-BE2E-4BAB-BFB1-294247914CD8}.Release|Any CPU.Build.0 = Release|Any CPU
	EndGlobalSection
	GlobalSection(SolutionProperties) = preSolution
		HideSolutionNode = FALSE
	EndGlobalSection
	GlobalSection(ExtensibilityGlobals) = postSolution
		SolutionGuid = {560DF13E-0DFC-4FAA-A8EE-CFF1B4CE5ED1}
	EndGlobalSection
EndGlobal
